{
  "name": "@rosem_soo/weave",
  "version": "0.80.0-weave.3",
  "lockfileVersion": 3,
  "packages": {
    "": {
      "name": "@rosem_soo/weave",
      "version": "0.80.0-weave.3",
      "license": "Apache-2.0",
      "bin": {
        "weave": "bin/codex.js",
        "weave-service": "bin/weave-service.js"
      },
      "engines": {
        "node": ">=16"
      },
      "os": [
        "darwin"
      ]
    }
  }
}
